
Microsoft Visual Studio Solution File, Format Version 12.00
# Visual Studio 14
VisualStudioVersion = 14.0.25420.1
MinimumVisualStudioVersion = 10.0.40219.1
Project("{FAE04EC0-301F-11D3-BF4B-00C04F79EFBC}") = "ServicoDeOrdenacaoDDD", "ServicoDeOrdenacaoDDD\ServicoDeOrdenacaoDDD.csproj", "{1724E84D-095C-4146-A148-F0B58B196B2B}"
EndProject
Global
	GlobalSection(SolutionConfigurationPlatforms) = preSolution
		Debug|Any CPU = Debug|Any CPU
		Release|Any CPU = Release|Any CPU
	EndGlobalSection
	GlobalSection(ProjectConfigurationPlatforms) = postSolution
		{1724E84D-095C-4146-A148-F0B58B196B2B}.Debug|Any CPU.ActiveCfg = Debug|Any CPU
		{1724E84D-095C-4146-A148-F0B58B196B2B}.Debug|Any CPU.Build.0 = Debug|Any CPU
		{1724E84D-095C-4146-A148-F0B58B196B2B}.Release|Any CPU.ActiveCfg = Release|Any CPU
		{1724E84D-095C-4146-A148-F0B58B196B2B}.Release|Any CPU.Build.0 = Release|Any CPU
	EndGlobalSection
	GlobalSection(SolutionProperties) = preSolution
		HideSolutionNode = FALSE
	EndGlobalSection
EndGlobal
